Microsoft Visual Studio Solution File, Format Version 11.00
# Visual Studio 2008

Project("{845D7D63-5EF8-A1C7-FB49-C09ED608A3F9}") = "Ball Uploader", "Assembly-CSharp-Editor.csproj", "{929D5D99-66F4-1841-0EEA-13B7025F9EB3}"
EndProject
Global
	GlobalSection(SolutionConfigurationPlatforms) = preSolution
		Debug|Any CPU = Debug|Any CPU
		Release|Any CPU = Release|Any CPU
	EndGlobalSection
	GlobalSection(ProjectConfigurationPlatforms) = postSolution
		{929D5D99-66F4-1841-0EEA-13B7025F9EB3}.Debug|Any CPU.ActiveCfg = Debug|Any CPU
		{929D5D99-66F4-1841-0EEA-13B7025F9EB3}.Debug|Any CPU.Build.0 = Debug|Any CPU
		{929D5D99-66F4-1841-0EEA-13B7025F9EB3}.Release|Any CPU.ActiveCfg = Release|Any CPU
		{929D5D99-66F4-1841-0EEA-13B7025F9EB3}.Release|Any CPU.Build.0 = Release|Any CPU
	EndGlobalSection
	GlobalSection(SolutionProperties) = preSolution
		HideSolutionNode = FALSE
	EndGlobalSection
	GlobalSection(MonoDevelopProperties) = preSolution
		StartupItem = Assembly-CSharp.csproj
	EndGlobalSection
EndGlobal
