Microsoft Visual Studio Solution File, Format Version 11.00
# Visual Studio 2008

Project("{19565B22-03A5-4E70-1316-826FF885B0FB}") = "exrink", "Assembly-UnityScript.unityproj", "{3D66F82D-D1EB-246B-F43E-F89BBC57B453}"
EndProject
Global
	GlobalSection(SolutionConfigurationPlatforms) = preSolution
		Debug|Any CPU = Debug|Any CPU
		Release|Any CPU = Release|Any CPU
	EndGlobalSection
	GlobalSection(ProjectConfigurationPlatforms) = postSolution
		{3D66F82D-D1EB-246B-F43E-F89BBC57B453}.Debug|Any CPU.ActiveCfg = Debug|Any CPU
		{3D66F82D-D1EB-246B-F43E-F89BBC57B453}.Debug|Any CPU.Build.0 = Debug|Any CPU
		{3D66F82D-D1EB-246B-F43E-F89BBC57B453}.Release|Any CPU.ActiveCfg = Release|Any CPU
		{3D66F82D-D1EB-246B-F43E-F89BBC57B453}.Release|Any CPU.Build.0 = Release|Any CPU
	EndGlobalSection
	GlobalSection(SolutionProperties) = preSolution
		HideSolutionNode = FALSE
	EndGlobalSection
	GlobalSection(MonoDevelopProperties) = preSolution
		StartupItem = Assembly-CSharp.csproj
	EndGlobalSection
EndGlobal
